
Microsoft Visual Studio Solution File, Format Version 12.00
# Visual Studio Version 16
VisualStudioVersion = 16.0.29613.14
MinimumVisualStudioVersion = 10.0.40219.1
Project("{FAE04EC0-301F-11D3-BF4B-00C04F79EFBC}") = "Esxv2ModuleCreator", "Esxv2ModuleCreator.csproj", "{9110435B-F7D8-44F5-B2CE-9E452CF064E4}"
EndProject
Global
	GlobalSection(SolutionConfigurationPlatforms) = preSolution
		Debug|Any CPU = Debug|Any CPU
		Release|Any CPU = Release|Any CPU
	EndGlobalSection
	GlobalSection(ProjectConfigurationPlatforms) = postSolution
		{9110435B-F7D8-44F5-B2CE-9E452CF064E4}.Debug|Any CPU.ActiveCfg = Debug|Any CPU
		{9110435B-F7D8-44F5-B2CE-9E452CF064E4}.Debug|Any CPU.Build.0 = Debug|Any CPU
		{9110435B-F7D8-44F5-B2CE-9E452CF064E4}.Release|Any CPU.ActiveCfg = Release|Any CPU
		{9110435B-F7D8-44F5-B2CE-9E452CF064E4}.Release|Any CPU.Build.0 = Release|Any CPU
	EndGlobalSection
	GlobalSection(SolutionProperties) = preSolution
		HideSolutionNode = FALSE
	EndGlobalSection
	GlobalSection(ExtensibilityGlobals) = postSolution
		SolutionGuid = {58A3E887-0F29-4DB9-A7E5-39473580D42A}
	EndGlobalSection
EndGlobal
